
Microsoft Visual Studio Solution File, Format Version 12.00
# Visual Studio Version 16
VisualStudioVersion = 16.0.30709.132
MinimumVisualStudioVersion = 10.0.40219.1
Project("{2150E333-8FDC-42A3-9474-1A3956D46DE8}") = "Solution Files", "Solution Files", "{E35ED8FC-1A46-4110-875D-60B59D8A9D10}"
	ProjectSection(SolutionItems) = preProject
		..\.gitignore = ..\.gitignore
		..\README.md = ..\README.md
	EndProjectSection
EndProject
Project("{FAE04EC0-301F-11D3-BF4B-00C04F79EFBC}") = "Umbraco-v7-15-7", "Umbraco-v7-15-7\Umbraco-v7-15-7.csproj", "{B3576EB0-34C0-4799-8B3A-405B8AA6003B}"
EndProject
Project("{FAE04EC0-301F-11D3-BF4B-00C04F79EFBC}") = "Umbraco-v8-17-2", "Umbraco-v8-17-2\Umbraco-v8-17-2.csproj", "{EB0E5436-1727-414D-8023-7238DFC83BC8}"
EndProject
Project("{9A19103F-16F7-4668-BE54-9A1E7A4F7556}") = "Umbraco-v9-2", "Umbraco-v9-2\Umbraco-v9-2.csproj", "{F7873FC3-7491-4C29-AB0B-1DE8E736C610}"
EndProject
Global
	GlobalSection(SolutionConfigurationPlatforms) = preSolution
		Debug|Any CPU = Debug|Any CPU
		Release|Any CPU = Release|Any CPU
	EndGlobalSection
	GlobalSection(ProjectConfigurationPlatforms) = postSolution
		{B3576EB0-34C0-4799-8B3A-405B8AA6003B}.Debug|Any CPU.ActiveCfg = Debug|Any CPU
		{B3576EB0-34C0-4799-8B3A-405B8AA6003B}.Debug|Any CPU.Build.0 = Debug|Any CPU
		{B3576EB0-34C0-4799-8B3A-405B8AA6003B}.Release|Any CPU.ActiveCfg = Release|Any CPU
		{B3576EB0-34C0-4799-8B3A-405B8AA6003B}.Release|Any CPU.Build.0 = Release|Any CPU
		{EB0E5436-1727-414D-8023-7238DFC83BC8}.Debug|Any CPU.ActiveCfg = Debug|Any CPU
		{EB0E5436-1727-414D-8023-7238DFC83BC8}.Debug|Any CPU.Build.0 = Debug|Any CPU
		{EB0E5436-1727-414D-8023-7238DFC83BC8}.Release|Any CPU.ActiveCfg = Release|Any CPU
		{EB0E5436-1727-414D-8023-7238DFC83BC8}.Release|Any CPU.Build.0 = Release|Any CPU
		{F7873FC3-7491-4C29-AB0B-1DE8E736C610}.Debug|Any CPU.ActiveCfg = Debug|Any CPU
		{F7873FC3-7491-4C29-AB0B-1DE8E736C610}.Debug|Any CPU.Build.0 = Debug|Any CPU
		{F7873FC3-7491-4C29-AB0B-1DE8E736C610}.Release|Any CPU.ActiveCfg = Release|Any CPU
		{F7873FC3-7491-4C29-AB0B-1DE8E736C610}.Release|Any CPU.Build.0 = Release|Any CPU
	EndGlobalSection
	GlobalSection(SolutionProperties) = preSolution
		HideSolutionNode = FALSE
	EndGlobalSection
	GlobalSection(ExtensibilityGlobals) = postSolution
		SolutionGuid = {7186ED2A-5C14-4BF8-AB19-789A94B1AE80}
	EndGlobalSection
EndGlobal
